# This file is automatically @generated by Cargo.
# It is not intended for manual editing.
version = 4

[[package]]
name = "guanghechen-chalk"
version = "0.1.1"

[[package]]
name = "guanghechen-commander"
version = "0.1.1"
dependencies = [
 "guanghechen-chalk",
 "guanghechen-env",
]

[[package]]
name = "guanghechen-env"
version = "0.1.1"

[[package]]
name = "guanghechen-reporter"
version = "0.1.1"
dependencies = [
 "guanghechen-chalk",
]
